{
  "name": "@mason/ast-grep",
  "version": "1.0.0",
  "lockfileVersion": 3,
  "requires": true,
  "packages": {
    "": {
      "name": "@mason/ast-grep",
      "version": "1.0.0",
      "license": "ISC",
      "dependencies": {
        "@ast-grep/cli": "^0.29.0"
      }
    },
    "node_modules/@ast-grep/cli": {
      "version": "0.29.0",
      "resolved": "https://registry.npmjs.org/@ast-grep/cli/-/cli-0.29.0.tgz",
      "integrity": "sha512-AIjLtGY5ZMLuW75gwf42A3NQ0ohdwf80Q3O0OCCjogj0OVc5A1bpcxf615rAuRaXuHYKNf/kGhJhhtmf8Fpsgw==",
      "hasInstallScript": true,
      "dependencies": {
        "detect-libc": "2.0.3"
      },
      "bin": {
        "ast-grep": "ast-grep",
        "sg": "sg"
      },
      "engines": {
        "node": ">= 12.0.0"
      },
      "optionalDependencies": {
        "@ast-grep/cli-darwin-arm64": "0.29.0",
        "@ast-grep/cli-darwin-x64": "0.29.0",
        "@ast-grep/cli-linux-arm64-gnu": "0.29.0",
        "@ast-grep/cli-linux-x64-gnu": "0.29.0",
        "@ast-grep/cli-win32-arm64-msvc": "0.29.0",
        "@ast-grep/cli-win32-ia32-msvc": "0.29.0",
        "@ast-grep/cli-win32-x64-msvc": "0.29.0"
      }
    },
    "node_modules/@ast-grep/cli/node_modules/@ast-grep/cli-darwin-arm64": {
      "version": "0.29.0",
      "resolved": "https://registry.npmjs.org/@ast-grep/cli-darwin-arm64/-/cli-darwin-arm64-0.29.0.tgz",
      "integrity": "sha512-EzcfKv3973e3nTwryimRi9GGZVWemXOtfzEaX0OwSHxoRnKAVrZjRjgxOJvtn01kJV4QtdgO0lgASvr/Ldb4mg==",
      "cpu": [
        "arm64"
      ],
      "license": "MIT",
      "optional": true,
      "os": [
        "darwin"
      ],
      "engines": {
        "node": ">= 10"
      }
    },
    "node_modules/@ast-grep/cli/node_modules/@ast-grep/cli-darwin-x64": {
      "version": "0.29.0",
      "resolved": "https://registry.npmjs.org/@ast-grep/cli-darwin-x64/-/cli-darwin-x64-0.29.0.tgz",
      "integrity": "sha512-lPuQdVNQQ3US/jCrcOR8WvyirwQJ0qZYmoHNJNwTUbZhOZV6G1qPsfCxngXqcn/p57AanueEcaC2EMzOrM5IsQ==",
      "cpu": [
        "x64"
      ],
      "license": "MIT",
      "optional": true,
      "os": [
        "darwin"
      ],
      "engines": {
        "node": ">= 10"
      }
    },
    "node_modules/@ast-grep/cli/node_modules/@ast-grep/cli-linux-arm64-gnu": {
      "version": "0.29.0",
      "resolved": "https://registry.npmjs.org/@ast-grep/cli-linux-arm64-gnu/-/cli-linux-arm64-gnu-0.29.0.tgz",
      "integrity": "sha512-2EKYPMfTJt2xjZGb+cPzfk0Cel93Ja7zkQZJZ8tl4FFb5ObYCNX9iNLoLOGE2d/lizzgY8Igd+y9f2UgQB4ckQ==",
      "cpu": [
        "arm64"
      ],
      "license": "MIT",
      "optional": true,
      "os": [
        "linux"
      ],
      "engines": {
        "node": ">= 10"
      }
    },
    "node_modules/@ast-grep/cli/node_modules/@ast-grep/cli-linux-x64-gnu": {
      "version": "0.29.0",
      "resolved": "https://registry.npmjs.org/@ast-grep/cli-linux-x64-gnu/-/cli-linux-x64-gnu-0.29.0.tgz",
      "integrity": "sha512-ilzyE3dF9c6CJnrH7hcMJnENakfrN9xb7MhToRi+s8qWKDpBvTSy5dIlgalcA1wdRzioxyCK91t6CsQCYXwjfw==",
      "cpu": [
        "x64"
      ],
      "license": "MIT",
      "optional": true,
      "os": [
        "linux"
      ],
      "engines": {
        "node": ">= 10"
      }
    },
    "node_modules/@ast-grep/cli/node_modules/@ast-grep/cli-win32-arm64-msvc": {
      "version": "0.29.0",
      "resolved": "https://registry.npmjs.org/@ast-grep/cli-win32-arm64-msvc/-/cli-win32-arm64-msvc-0.29.0.tgz",
      "integrity": "sha512-9z4x7cGKCvTYkVJh9BHtZPc4Pmmum73nL+yQSREas3Mf2voa6HaUJsu8AJSee4qYpmQgGiIXsVS/Xf7VjN4F3A==",
      "cpu": [
        "arm64"
      ],
      "license": "MIT",
      "optional": true,
      "os": [
        "win32"
      ],
      "engines": {
        "node": ">= 10"
      }
    },
    "node_modules/@ast-grep/cli/node_modules/@ast-grep/cli-win32-ia32-msvc": {
      "version": "0.29.0",
      "resolved": "https://registry.npmjs.org/@ast-grep/cli-win32-ia32-msvc/-/cli-win32-ia32-msvc-0.29.0.tgz",
      "integrity": "sha512-HFyvPLknEuaUk9HlfYmy6sxzJjVcHxZcyTJjVgxL7nirM8UlH3r+q5cISR5Kmy4DhDaJmHYH1XVNFIpFfF9ufA==",
      "cpu": [
        "ia32"
      ],
      "license": "MIT",
      "optional": true,
      "os": [
        "win32"
      ],
      "engines": {
        "node": ">= 10"
      }
    },
    "node_modules/@ast-grep/cli/node_modules/@ast-grep/cli-win32-x64-msvc": {
      "version": "0.29.0",
      "resolved": "https://registry.npmjs.org/@ast-grep/cli-win32-x64-msvc/-/cli-win32-x64-msvc-0.29.0.tgz",
      "integrity": "sha512-LAupzT+RVPcRYbVJw4w7TU8hj5v2StY0H5wXHd02zNorIF45rtZEbhKKGHkXs3iMip8lstpFQwf+7CMNBacX4w==",
      "cpu": [
        "x64"
      ],
      "license": "MIT",
      "optional": true,
      "os": [
        "win32"
      ],
      "engines": {
        "node": ">= 10"
      }
    },
    "node_modules/@ast-grep/cli/node_modules/detect-libc": {
      "version": "2.0.3",
      "resolved": "https://registry.npmjs.org/detect-libc/-/detect-libc-2.0.3.tgz",
      "integrity": "sha512-bwy0MGW55bG41VqxxypOsdSdGqLwXPI/focwgTYCFMbdUiBAxLg9CFzG08sz2aqzknwiX7Hkl0bQENjg8iLByw==",
      "license": "Apache-2.0",
      "engines": {
        "node": ">=8"
      }
    }
  }
}
